// !$*UTF8*$!
{
	archiveVersion = 1;
	classes = {
	};
	objectVersion = 46;
	objects = {

/* Begin PBXBuildFile section */
		59D533191A89859D004A74DD /* cv2.so in Frameworks */ = {isa = PBXBuildFile; fileRef = 59D532E01A89859D004A74DD /* cv2.so */; };
		59D5331A1A89859D004A74DD /* libopencv_calib3d.2.4.10.dylib in Frameworks */ = {isa = PBXBuildFile; fileRef = 59D532E11A89859D004A74DD /* libopencv_calib3d.2.4.10.dylib */; };
		59D5331B1A89859D004A74DD /* libopencv_calib3d.2.4.dylib in Frameworks */ = {isa = PBXBuildFile; fileRef = 59D532E21A89859D004A74DD /* libopencv_calib3d.2.4.dylib */; };
		59D5331C1A89859D004A74DD /* libopencv_calib3d.dylib in Frameworks */ = {isa = PBXBuildFile; fileRef = 59D532E31A89859D004A74DD /* libopencv_calib3d.dylib */; };
		59D5331D1A89859D004A74DD /* libopencv_contrib.2.4.10.dylib in Frameworks */ = {isa = PBXBuildFile; fileRef = 59D532E41A89859D004A74DD /* libopencv_contrib.2.4.10.dylib */; };
		59D5331E1A89859D004A74DD /* libopencv_contrib.2.4.dylib in Frameworks */ = {isa = PBXBuildFile; fileRef = 59D532E51A89859D004A74DD /* libopencv_contrib.2.4.dylib */; };
		59D5331F1A89859D004A74DD /* libopencv_contrib.dylib in Frameworks */ = {isa = PBXBuildFile; fileRef = 59D532E61A89859D004A74DD /* libopencv_contrib.dylib */; };
		59D533201A89859D004A74DD /* libopencv_core.2.4.10.dylib in Frameworks */ = {isa = PBXBuildFile; fileRef = 59D532E71A89859D004A74DD /* libopencv_core.2.4.10.dylib */; };
		59D533211A89859D004A74DD /* libopencv_core.2.4.dylib in Frameworks */ = {isa = PBXBuildFile; fileRef = 59D532E81A89859D004A74DD /* libopencv_core.2.4.dylib */; };
		59D533221A89859D004A74DD /* libopencv_core.dylib in Frameworks */ = {isa = PBXBuildFile; fileRef = 59D532E91A89859D004A74DD /* libopencv_core.dylib */; };
		59D533231A89859D004A74DD /* libopencv_features2d.2.4.10.dylib in Frameworks */ = {isa = PBXBuildFile; fileRef = 59D532EA1A89859D004A74DD /* libopencv_features2d.2.4.10.dylib */; };
		59D533241A89859D004A74DD /* libopencv_features2d.2.4.dylib in Frameworks */ = {isa = PBXBuildFile; fileRef = 59D532EB1A89859D004A74DD /* libopencv_features2d.2.4.dylib */; };
		59D533251A89859D004A74DD /* libopencv_features2d.dylib in Frameworks */ = {isa = PBXBuildFile; fileRef = 59D532EC1A89859D004A74DD /* libopencv_features2d.dylib */; };
		59D533261A89859D004A74DD /* libopencv_flann.2.4.10.dylib in Frameworks */ = {isa = PBXBuildFile; fileRef = 59D532ED1A89859D004A74DD /* libopencv_flann.2.4.10.dylib */; };
		59D533271A89859D004A74DD /* libopencv_flann.2.4.dylib in Frameworks */ = {isa = PBXBuildFile; fileRef = 59D532EE1A89859D004A74DD /* libopencv_flann.2.4.dylib */; };
		59D533281A89859D004A74DD /* libopencv_flann.dylib in Frameworks */ = {isa = PBXBuildFile; fileRef = 59D532EF1A89859D004A74DD /* libopencv_flann.dylib */; };
		59D533291A89859D004A74DD /* libopencv_gpu.2.4.10.dylib in Frameworks */ = {isa = PBXBuildFile; fileRef = 59D532F01A89859D004A74DD /* libopencv_gpu.2.4.10.dylib */; };
		59D5332A1A89859D004A74DD /* libopencv_gpu.2.4.dylib in Frameworks */ = {isa = PBXBuildFile; fileRef = 59D532F11A89859D004A74DD /* libopencv_gpu.2.4.dylib */; };
		59D5332B1A89859D004A74DD /* libopencv_gpu.dylib in Frameworks */ = {isa = PBXBuildFile; fileRef = 59D532F21A89859D004A74DD /* libopencv_gpu.dylib */; };
		59D5332C1A89859D004A74DD /* libopencv_haartraining_engine.a in Frameworks */ = {isa = PBXBuildFile; fileRef = 59D532F31A89859D004A74DD /* libopencv_haartraining_engine.a */; };
		59D5332D1A89859D004A74DD /* libopencv_highgui.2.4.10.dylib in Frameworks */ = {isa = PBXBuildFile; fileRef = 59D532F41A89859D004A74DD /* libopencv_highgui.2.4.10.dylib */; };
		59D5332E1A89859D004A74DD /* libopencv_highgui.2.4.dylib in Frameworks */ = {isa = PBXBuildFile; fileRef = 59D532F51A89859D004A74DD /* libopencv_highgui.2.4.dylib */; };
		59D5332F1A89859D004A74DD /* libopencv_highgui.dylib in Frameworks */ = {isa = PBXBuildFile; fileRef = 59D532F61A89859D004A74DD /* libopencv_highgui.dylib */; };
		59D533301A89859D004A74DD /* libopencv_imgproc.2.4.10.dylib in Frameworks */ = {isa = PBXBuildFile; fileRef = 59D532F71A89859D004A74DD /* libopencv_imgproc.2.4.10.dylib */; };
		59D533311A89859D004A74DD /* libopencv_imgproc.2.4.dylib in Frameworks */ = {isa = PBXBuildFile; fileRef = 59D532F81A89859D004A74DD /* libopencv_imgproc.2.4.dylib */; };
		59D533321A89859D004A74DD /* libopencv_imgproc.dylib in Frameworks */ = {isa = PBXBuildFile; fileRef = 59D532F91A89859D004A74DD /* libopencv_imgproc.dylib */; };
		59D533331A89859D004A74DD /* libopencv_legacy.2.4.10.dylib in Frameworks */ = {isa = PBXBuildFile; fileRef = 59D532FA1A89859D004A74DD /* libopencv_legacy.2.4.10.dylib */; };
		59D533341A89859D004A74DD /* libopencv_legacy.2.4.dylib in Frameworks */ = {isa = PBXBuildFile; fileRef = 59D532FB1A89859D004A74DD /* libopencv_legacy.2.4.dylib */; };
		59D533351A89859D004A74DD /* libopencv_legacy.dylib in Frameworks */ = {isa = PBXBuildFile; fileRef = 59D532FC1A89859D004A74DD /* libopencv_legacy.dylib */; };
		59D533361A89859D004A74DD /* libopencv_ml.2.4.10.dylib in Frameworks */ = {isa = PBXBuildFile; fileRef = 59D532FD1A89859D004A74DD /* libopencv_ml.2.4.10.dylib */; };
		59D533371A89859D004A74DD /* libopencv_ml.2.4.dylib in Frameworks */ = {isa = PBXBuildFile; fileRef = 59D532FE1A89859D004A74DD /* libopencv_ml.2.4.dylib */; };
		59D533381A89859D004A74DD /* libopencv_ml.dylib in Frameworks */ = {isa = PBXBuildFile; fileRef = 59D532FF1A89859D004A74DD /* libopencv_ml.dylib */; };
		59D533391A89859D004A74DD /* libopencv_nonfree.2.4.10.dylib in Frameworks */ = {isa = PBXBuildFile; fileRef = 59D533001A89859D004A74DD /* libopencv_nonfree.2.4.10.dylib */; };
		59D5333A1A89859D004A74DD /* libopencv_nonfree.2.4.dylib in Frameworks */ = {isa = PBXBuildFile; fileRef = 59D533011A89859D004A74DD /* libopencv_nonfree.2.4.dylib */; };
		59D5333B1A89859D004A74DD /* libopencv_nonfree.dylib in Frameworks */ = {isa = PBXBuildFile; fileRef = 59D533021A89859D004A74DD /* libopencv_nonfree.dylib */; };
		59D5333C1A89859D004A74DD /* libopencv_objdetect.2.4.10.dylib in Frameworks */ = {isa = PBXBuildFile; fileRef = 59D533031A89859D004A74DD /* libopencv_objdetect.2.4.10.dylib */; };
		59D5333D1A89859D004A74DD /* libopencv_objdetect.2.4.dylib in Frameworks */ = {isa = PBXBuildFile; fileRef = 59D533041A89859D004A74DD /* libopencv_objdetect.2.4.dylib */; };
		59D5333E1A89859D004A74DD /* libopencv_objdetect.dylib in Frameworks */ = {isa = PBXBuildFile; fileRef = 59D533051A89859D004A74DD /* libopencv_objdetect.dylib */; };
		59D5333F1A89859D004A74DD /* libopencv_ocl.2.4.10.dylib in Frameworks */ = {isa = PBXBuildFile; fileRef = 59D533061A89859D004A74DD /* libopencv_ocl.2.4.10.dylib */; };
		59D533401A89859D004A74DD /* libopencv_ocl.2.4.dylib in Frameworks */ = {isa = PBXBuildFile; fileRef = 59D533071A89859D004A74DD /* libopencv_ocl.2.4.dylib */; };
		59D533411A89859D004A74DD /* libopencv_ocl.dylib in Frameworks */ = {isa = PBXBuildFile; fileRef = 59D533081A89859D004A74DD /* libopencv_ocl.dylib */; };
		59D533421A89859D004A74DD /* libopencv_photo.2.4.10.dylib in Frameworks */ = {isa = PBXBuildFile; fileRef = 59D533091A89859D004A74DD /* libopencv_photo.2.4.10.dylib */; };
		59D533431A89859D004A74DD /* libopencv_photo.2.4.dylib in Frameworks */ = {isa = PBXBuildFile; fileRef = 59D5330A1A89859D004A74DD /* libopencv_photo.2.4.dylib */; };
		59D533441A89859D004A74DD /* libopencv_photo.dylib in Frameworks */ = {isa = PBXBuildFile; fileRef = 59D5330B1A89859D004A74DD /* libopencv_photo.dylib */; };
		59D533451A89859D004A74DD /* libopencv_stitching.2.4.10.dylib in Frameworks */ = {isa = PBXBuildFile; fileRef = 59D5330C1A89859D004A74DD /* libopencv_stitching.2.4.10.dylib */; };
		59D533461A89859D004A74DD /* libopencv_stitching.2.4.dylib in Frameworks */ = {isa = PBXBuildFile; fileRef = 59D5330D1A89859D004A74DD /* libopencv_stitching.2.4.dylib */; };
		59D533471A89859D004A74DD /* libopencv_stitching.dylib in Frameworks */ = {isa = PBXBuildFile; fileRef = 59D5330E1A89859D004A74DD /* libopencv_stitching.dylib */; };
		59D533481A89859D004A74DD /* libopencv_superres.2.4.10.dylib in Frameworks */ = {isa = PBXBuildFile; fileRef = 59D5330F1A89859D004A74DD /* libopencv_superres.2.4.10.dylib */; };
		59D533491A89859D004A74DD /* libopencv_superres.2.4.dylib in Frameworks */ = {isa = PBXBuildFile; fileRef = 59D533101A89859D004A74DD /* libopencv_superres.2.4.dylib */; };
		59D5334A1A89859D004A74DD /* libopencv_superres.dylib in Frameworks */ = {isa = PBXBuildFile; fileRef = 59D533111A89859D004A74DD /* libopencv_superres.dylib */; };
		59D5334B1A89859D004A74DD /* libopencv_ts.a in Frameworks */ = {isa = PBXBuildFile; fileRef = 59D533121A89859D004A74DD /* libopencv_ts.a */; };
		59D5334C1A89859D004A74DD /* libopencv_video.2.4.10.dylib in Frameworks */ = {isa = PBXBuildFile; fileRef = 59D533131A89859D004A74DD /* libopencv_video.2.4.10.dylib */; };
		59D5334D1A89859D004A74DD /* libopencv_video.2.4.dylib in Frameworks */ = {isa = PBXBuildFile; fileRef = 59D533141A89859D004A74DD /* libopencv_video.2.4.dylib */; };
		59D5334E1A89859D004A74DD /* libopencv_video.dylib in Frameworks */ = {isa = PBXBuildFile; fileRef = 59D533151A89859D004A74DD /* libopencv_video.dylib */; };
		59D5334F1A89859D004A74DD /* libopencv_videostab.2.4.10.dylib in Frameworks */ = {isa = PBXBuildFile; fileRef = 59D533161A89859D004A74DD /* libopencv_videostab.2.4.10.dylib */; };
		59D533501A89859D004A74DD /* libopencv_videostab.2.4.dylib in Frameworks */ = {isa = PBXBuildFile; fileRef = 59D533171A89859D004A74DD /* libopencv_videostab.2.4.dylib */; };
		59D533511A89859D004A74DD /* libopencv_videostab.dylib in Frameworks */ = {isa = PBXBuildFile; fileRef = 59D533181A89859D004A74DD /* libopencv_videostab.dylib */; };
		59D533721A8995E6004A74DD /* gesture.cpp in Sources */ = {isa = PBXBuildFile; fileRef = 59D5336A1A8995E6004A74DD /* gesture.cpp */; };
		59D533731A8995E6004A74DD /* image.cpp in Sources */ = {isa = PBXBuildFile; fileRef = 59D5336C1A8995E6004A74DD /* image.cpp */; };
		59D533741A8995E6004A74DD /* main.cpp in Sources */ = {isa = PBXBuildFile; fileRef = 59D5336E1A8995E6004A74DD /* main.cpp */; };
		59D533751A8995E6004A74DD /* myroi.cpp in Sources */ = {isa = PBXBuildFile; fileRef = 59D533701A8995E6004A74DD /* myroi.cpp */; };
/* End PBXBuildFile section */

/* Begin PBXCopyFilesBuildPhase section */
		59D532951A89318A004A74DD /* CopyFiles */ = {
			isa = PBXCopyFilesBuildPhase;
			buildActionMask = 2147483647;
			dstPath = /usr/share/man/man1/;
			dstSubfolderSpec = 0;
			files = (
			);
			runOnlyForDeploymentPostprocessing = 1;
		};
/* End PBXCopyFilesBuildPhase section */

/* Begin PBXFileReference section */
		59D532971A89318A004A74DD /* P1 */ = {isa = PBXFileReference; explicitFileType = "compiled.mach-o.executable"; includeInIndex = 0; path = P1; sourceTree = BUILT_PRODUCTS_DIR; };
		59D532E01A89859D004A74DD /* cv2.so */ = {isa = PBXFileReference; lastKnownFileType = "compiled.mach-o.dylib"; name = cv2.so; path = "../../../../../OpenCV/opencv-2.4.10/build/lib/cv2.so"; sourceTree = "<group>"; };
		59D532E11A89859D004A74DD /* libopencv_calib3d.2.4.10.dylib */ = {isa = PBXFileReference; lastKnownFileType = "compiled.mach-o.dylib"; name = libopencv_calib3d.2.4.10.dylib; path = "../../../../../OpenCV/opencv-2.4.10/build/lib/libopencv_calib3d.2.4.10.dylib"; sourceTree = "<group>"; };
		59D532E21A89859D004A74DD /* libopencv_calib3d.2.4.dylib */ = {isa = PBXFileReference; lastKnownFileType = "compiled.mach-o.dylib"; name = libopencv_calib3d.2.4.dylib; path = "../../../../../OpenCV/opencv-2.4.10/build/lib/libopencv_calib3d.2.4.dylib"; sourceTree = "<group>"; };
		59D532E31A89859D004A74DD /* libopencv_calib3d.dylib */ = {isa = PBXFileReference; lastKnownFileType = "compiled.mach-o.dylib"; name = libopencv_calib3d.dylib; path = "../../../../../OpenCV/opencv-2.4.10/build/lib/libopencv_calib3d.dylib"; sourceTree = "<group>"; };
		59D532E41A89859D004A74DD /* libopencv_contrib.2.4.10.dylib */ = {isa = PBXFileReference; lastKnownFileType = "compiled.mach-o.dylib"; name = libopencv_contrib.2.4.10.dylib; path = "../../../../../OpenCV/opencv-2.4.10/build/lib/libopencv_contrib.2.4.10.dylib"; sourceTree = "<group>"; };
		59D532E51A89859D004A74DD /* libopencv_contrib.2.4.dylib */ = {isa = PBXFileReference; lastKnownFileType = "compiled.mach-o.dylib"; name = libopencv_contrib.2.4.dylib; path = "../../../../../OpenCV/opencv-2.4.10/build/lib/libopencv_contrib.2.4.dylib"; sourceTree = "<group>"; };
		59D532E61A89859D004A74DD /* libopencv_contrib.dylib */ = {isa = PBXFileReference; lastKnownFileType = "compiled.mach-o.dylib"; name = libopencv_contrib.dylib; path = "../../../../../OpenCV/opencv-2.4.10/build/lib/libopencv_contrib.dylib"; sourceTree = "<group>"; };
		59D532E71A89859D004A74DD /* libopencv_core.2.4.10.dylib */ = {isa = PBXFileReference; lastKnownFileType = "compiled.mach-o.dylib"; name = libopencv_core.2.4.10.dylib; path = "../../../../../OpenCV/opencv-2.4.10/build/lib/libopencv_core.2.4.10.dylib"; sourceTree = "<group>"; };
		59D532E81A89859D004A74DD /* libopencv_core.2.4.dylib */ = {isa = PBXFileReference; lastKnownFileType = "compiled.mach-o.dylib"; name = libopencv_core.2.4.dylib; path = "../../../../../OpenCV/opencv-2.4.10/build/lib/libopencv_core.2.4.dylib"; sourceTree = "<group>"; };
		59D532E91A89859D004A74DD /* libopencv_core.dylib */ = {isa = PBXFileReference; lastKnownFileType = "compiled.mach-o.dylib"; name = libopencv_core.dylib; path = "../../../../../OpenCV/opencv-2.4.10/build/lib/libopencv_core.dylib"; sourceTree = "<group>"; };
		59D532EA1A89859D004A74DD /* libopencv_features2d.2.4.10.dylib */ = {isa = PBXFileReference; lastKnownFileType = "compiled.mach-o.dylib"; name = libopencv_features2d.2.4.10.dylib; path = "../../../../../OpenCV/opencv-2.4.10/build/lib/libopencv_features2d.2.4.10.dylib"; sourceTree = "<group>"; };
		59D532EB1A89859D004A74DD /* libopencv_features2d.2.4.dylib */ = {isa = PBXFileReference; lastKnownFileType = "compiled.mach-o.dylib"; name = libopencv_features2d.2.4.dylib; path = "../../../../../OpenCV/opencv-2.4.10/build/lib/libopencv_features2d.2.4.dylib"; sourceTree = "<group>"; };
		59D532EC1A89859D004A74DD /* libopencv_features2d.dylib */ = {isa = PBXFileReference; lastKnownFileType = "compiled.mach-o.dylib"; name = libopencv_features2d.dylib; path = "../../../../../OpenCV/opencv-2.4.10/build/lib/libopencv_features2d.dylib"; sourceTree = "<group>"; };
		59D532ED1A89859D004A74DD /* libopencv_flann.2.4.10.dylib */ = {isa = PBXFileReference; lastKnownFileType = "compiled.mach-o.dylib"; name = libopencv_flann.2.4.10.dylib; path = "../../../../../OpenCV/opencv-2.4.10/build/lib/libopencv_flann.2.4.10.dylib"; sourceTree = "<group>"; };
		59D532EE1A89859D004A74DD /* libopencv_flann.2.4.dylib */ = {isa = PBXFileReference; lastKnownFileType = "compiled.mach-o.dylib"; name = libopencv_flann.2.4.dylib; path = "../../../../../OpenCV/opencv-2.4.10/build/lib/libopencv_flann.2.4.dylib"; sourceTree = "<group>"; };
		59D532EF1A89859D004A74DD /* libopencv_flann.dylib */ = {isa = PBXFileReference; lastKnownFileType = "compiled.mach-o.dylib"; name = libopencv_flann.dylib; path = "../../../../../OpenCV/opencv-2.4.10/build/lib/libopencv_flann.dylib"; sourceTree = "<group>"; };
		59D532F01A89859D004A74DD /* libopencv_gpu.2.4.10.dylib */ = {isa = PBXFileReference; lastKnownFileType = "compiled.mach-o.dylib"; name = libopencv_gpu.2.4.10.dylib; path = "../../../../../OpenCV/opencv-2.4.10/build/lib/libopencv_gpu.2.4.10.dylib"; sourceTree = "<group>"; };
		59D532F11A89859D004A74DD /* libopencv_gpu.2.4.dylib */ = {isa = PBXFileReference; lastKnownFileType = "compiled.mach-o.dylib"; name = libopencv_gpu.2.4.dylib; path = "../../../../../OpenCV/opencv-2.4.10/build/lib/libopencv_gpu.2.4.dylib"; sourceTree = "<group>"; };
		59D532F21A89859D004A74DD /* libopencv_gpu.dylib */ = {isa = PBXFileReference; lastKnownFileType = "compiled.mach-o.dylib"; name = libopencv_gpu.dylib; path = "../../../../../OpenCV/opencv-2.4.10/build/lib/libopencv_gpu.dylib"; sourceTree = "<group>"; };
		59D532F31A89859D004A74DD /* libopencv_haartraining_engine.a */ = {isa = PBXFileReference; lastKnownFileType = archive.ar; name = libopencv_haartraining_engine.a; path = "../../../../../OpenCV/opencv-2.4.10/build/lib/libopencv_haartraining_engine.a"; sourceTree = "<group>"; };
		59D532F41A89859D004A74DD /* libopencv_highgui.2.4.10.dylib */ = {isa = PBXFileReference; lastKnownFileType = "compiled.mach-o.dylib"; name = libopencv_highgui.2.4.10.dylib; path = "../../../../../OpenCV/opencv-2.4.10/build/lib/libopencv_highgui.2.4.10.dylib"; sourceTree = "<group>"; };
		59D532F51A89859D004A74DD /* libopencv_highgui.2.4.dylib */ = {isa = PBXFileReference; lastKnownFileType = "compiled.mach-o.dylib"; name = libopencv_highgui.2.4.dylib; path = "../../../../../OpenCV/opencv-2.4.10/build/lib/libopencv_highgui.2.4.dylib"; sourceTree = "<group>"; };
		59D532F61A89859D004A74DD /* libopencv_highgui.dylib */ = {isa = PBXFileReference; lastKnownFileType = "compiled.mach-o.dylib"; name = libopencv_highgui.dylib; path = "../../../../../OpenCV/opencv-2.4.10/build/lib/libopencv_highgui.dylib"; sourceTree = "<group>"; };
		59D532F71A89859D004A74DD /* libopencv_imgproc.2.4.10.dylib */ = {isa = PBXFileReference; lastKnownFileType = "compiled.mach-o.dylib"; name = libopencv_imgproc.2.4.10.dylib; path = "../../../../../OpenCV/opencv-2.4.10/build/lib/libopencv_imgproc.2.4.10.dylib"; sourceTree = "<group>"; };
		59D532F81A89859D004A74DD /* libopencv_imgproc.2.4.dylib */ = {isa = PBXFileReference; lastKnownFileType = "compiled.mach-o.dylib"; name = libopencv_imgproc.2.4.dylib; path = "../../../../../OpenCV/opencv-2.4.10/build/lib/libopencv_imgproc.2.4.dylib"; sourceTree = "<group>"; };
		59D532F91A89859D004A74DD /* libopencv_imgproc.dylib */ = {isa = PBXFileReference; lastKnownFileType = "compiled.mach-o.dylib"; name = libopencv_imgproc.dylib; path = "../../../../../OpenCV/opencv-2.4.10/build/lib/libopencv_imgproc.dylib"; sourceTree = "<group>"; };
		59D532FA1A89859D004A74DD /* libopencv_legacy.2.4.10.dylib */ = {isa = PBXFileReference; lastKnownFileType = "compiled.mach-o.dylib"; name = libopencv_legacy.2.4.10.dylib; path = "../../../../../OpenCV/opencv-2.4.10/build/lib/libopencv_legacy.2.4.10.dylib"; sourceTree = "<group>"; };
		59D532FB1A89859D004A74DD /* libopencv_legacy.2.4.dylib */ = {isa = PBXFileReference; lastKnownFileType = "compiled.mach-o.dylib"; name = libopencv_legacy.2.4.dylib; path = "../../../../../OpenCV/opencv-2.4.10/build/lib/libopencv_legacy.2.4.dylib"; sourceTree = "<group>"; };
		59D532FC1A89859D004A74DD /* libopencv_legacy.dylib */ = {isa = PBXFileReference; lastKnownFileType = "compiled.mach-o.dylib"; name = libopencv_legacy.dylib; path = "../../../../../OpenCV/opencv-2.4.10/build/lib/libopencv_legacy.dylib"; sourceTree = "<group>"; };
		59D532FD1A89859D004A74DD /* libopencv_ml.2.4.10.dylib */ = {isa = PBXFileReference; lastKnownFileType = "compiled.mach-o.dylib"; name = libopencv_ml.2.4.10.dylib; path = "../../../../../OpenCV/opencv-2.4.10/build/lib/libopencv_ml.2.4.10.dylib"; sourceTree = "<group>"; };
		59D532FE1A89859D004A74DD /* libopencv_ml.2.4.dylib */ = {isa = PBXFileReference; lastKnownFileType = "compiled.mach-o.dylib"; name = libopencv_ml.2.4.dylib; path = "../../../../../OpenCV/opencv-2.4.10/build/lib/libopencv_ml.2.4.dylib"; sourceTree = "<group>"; };
		59D532FF1A89859D004A74DD /* libopencv_ml.dylib */ = {isa = PBXFileReference; lastKnownFileType = "compiled.mach-o.dylib"; name = libopencv_ml.dylib; path = "../../../../../OpenCV/opencv-2.4.10/build/lib/libopencv_ml.dylib"; sourceTree = "<group>"; };
		59D533001A89859D004A74DD /* libopencv_nonfree.2.4.10.dylib */ = {isa = PBXFileReference; lastKnownFileType = "compiled.mach-o.dylib"; name = libopencv_nonfree.2.4.10.dylib; path = "../../../../../OpenCV/opencv-2.4.10/build/lib/libopencv_nonfree.2.4.10.dylib"; sourceTree = "<group>"; };
		59D533011A89859D004A74DD /* libopencv_nonfree.2.4.dylib */ = {isa = PBXFileReference; lastKnownFileType = "compiled.mach-o.dylib"; name = libopencv_nonfree.2.4.dylib; path = "../../../../../OpenCV/opencv-2.4.10/build/lib/libopencv_nonfree.2.4.dylib"; sourceTree = "<group>"; };
		59D533021A89859D004A74DD /* libopencv_nonfree.dylib */ = {isa = PBXFileReference; lastKnownFileType = "compiled.mach-o.dylib"; name = libopencv_nonfree.dylib; path = "../../../../../OpenCV/opencv-2.4.10/build/lib/libopencv_nonfree.dylib"; sourceTree = "<group>"; };
		59D533031A89859D004A74DD /* libopencv_objdetect.2.4.10.dylib */ = {isa = PBXFileReference; lastKnownFileType = "compiled.mach-o.dylib"; name = libopencv_objdetect.2.4.10.dylib; path = "../../../../../OpenCV/opencv-2.4.10/build/lib/libopencv_objdetect.2.4.10.dylib"; sourceTree = "<group>"; };
		59D533041A89859D004A74DD /* libopencv_objdetect.2.4.dylib */ = {isa = PBXFileReference; lastKnownFileType = "compiled.mach-o.dylib"; name = libopencv_objdetect.2.4.dylib; path = "../../../../../OpenCV/opencv-2.4.10/build/lib/libopencv_objdetect.2.4.dylib"; sourceTree = "<group>"; };
		59D533051A89859D004A74DD /* libopencv_objdetect.dylib */ = {isa = PBXFileReference; lastKnownFileType = "compiled.mach-o.dylib"; name = libopencv_objdetect.dylib; path = "../../../../../OpenCV/opencv-2.4.10/build/lib/libopencv_objdetect.dylib"; sourceTree = "<group>"; };
		59D533061A89859D004A74DD /* libopencv_ocl.2.4.10.dylib */ = {isa = PBXFileReference; lastKnownFileType = "compiled.mach-o.dylib"; name = libopencv_ocl.2.4.10.dylib; path = "../../../../../OpenCV/opencv-2.4.10/build/lib/libopencv_ocl.2.4.10.dylib"; sourceTree = "<group>"; };
		59D533071A89859D004A74DD /* libopencv_ocl.2.4.dylib */ = {isa = PBXFileReference; lastKnownFileType = "compiled.mach-o.dylib"; name = libopencv_ocl.2.4.dylib; path = "../../../../../OpenCV/opencv-2.4.10/build/lib/libopencv_ocl.2.4.dylib"; sourceTree = "<group>"; };
		59D533081A89859D004A74DD /* libopencv_ocl.dylib */ = {isa = PBXFileReference; lastKnownFileType = "compiled.mach-o.dylib"; name = libopencv_ocl.dylib; path = "../../../../../OpenCV/opencv-2.4.10/build/lib/libopencv_ocl.dylib"; sourceTree = "<group>"; };
		59D533091A89859D004A74DD /* libopencv_photo.2.4.10.dylib */ = {isa = PBXFileReference; lastKnownFileType = "compiled.mach-o.dylib"; name = libopencv_photo.2.4.10.dylib; path = "../../../../../OpenCV/opencv-2.4.10/build/lib/libopencv_photo.2.4.10.dylib"; sourceTree = "<group>"; };
		59D5330A1A89859D004A74DD /* libopencv_photo.2.4.dylib */ = {isa = PBXFileReference; lastKnownFileType = "compiled.mach-o.dylib"; name = libopencv_photo.2.4.dylib; path = "../../../../../OpenCV/opencv-2.4.10/build/lib/libopencv_photo.2.4.dylib"; sourceTree = "<group>"; };
		59D5330B1A89859D004A74DD /* libopencv_photo.dylib */ = {isa = PBXFileReference; lastKnownFileType = "compiled.mach-o.dylib"; name = libopencv_photo.dylib; path = "../../../../../OpenCV/opencv-2.4.10/build/lib/libopencv_photo.dylib"; sourceTree = "<group>"; };
		59D5330C1A89859D004A74DD /* libopencv_stitching.2.4.10.dylib */ = {isa = PBXFileReference; lastKnownFileType = "compiled.mach-o.dylib"; name = libopencv_stitching.2.4.10.dylib; path = "../../../../../OpenCV/opencv-2.4.10/build/lib/libopencv_stitching.2.4.10.dylib"; sourceTree = "<group>"; };
		59D5330D1A89859D004A74DD /* libopencv_stitching.2.4.dylib */ = {isa = PBXFileReference; lastKnownFileType = "compiled.mach-o.dylib"; name = libopencv_stitching.2.4.dylib; path = "../../../../../OpenCV/opencv-2.4.10/build/lib/libopencv_stitching.2.4.dylib"; sourceTree = "<group>"; };
		59D5330E1A89859D004A74DD /* libopencv_stitching.dylib */ = {isa = PBXFileReference; lastKnownFileType = "compiled.mach-o.dylib"; name = libopencv_stitching.dylib; path = "../../../../../OpenCV/opencv-2.4.10/build/lib/libopencv_stitching.dylib"; sourceTree = "<group>"; };
		59D5330F1A89859D004A74DD /* libopencv_superres.2.4.10.dylib */ = {isa = PBXFileReference; lastKnownFileType = "compiled.mach-o.dylib"; name = libopencv_superres.2.4.10.dylib; path = "../../../../../OpenCV/opencv-2.4.10/build/lib/libopencv_superres.2.4.10.dylib"; sourceTree = "<group>"; };
		59D533101A89859D004A74DD /* libopencv_superres.2.4.dylib */ = {isa = PBXFileReference; lastKnownFileType = "compiled.mach-o.dylib"; name = libopencv_superres.2.4.dylib; path = "../../../../../OpenCV/opencv-2.4.10/build/lib/libopencv_superres.2.4.dylib"; sourceTree = "<group>"; };
		59D533111A89859D004A74DD /* libopencv_superres.dylib */ = {isa = PBXFileReference; lastKnownFileType = "compiled.mach-o.dylib"; name = libopencv_superres.dylib; path = "../../../../../OpenCV/opencv-2.4.10/build/lib/libopencv_superres.dylib"; sourceTree = "<group>"; };
		59D533121A89859D004A74DD /* libopencv_ts.a */ = {isa = PBXFileReference; lastKnownFileType = archive.ar; name = libopencv_ts.a; path = "../../../../../OpenCV/opencv-2.4.10/build/lib/libopencv_ts.a"; sourceTree = "<group>"; };
		59D533131A89859D004A74DD /* libopencv_video.2.4.10.dylib */ = {isa = PBXFileReference; lastKnownFileType = "compiled.mach-o.dylib"; name = libopencv_video.2.4.10.dylib; path = "../../../../../OpenCV/opencv-2.4.10/build/lib/libopencv_video.2.4.10.dylib"; sourceTree = "<group>"; };
		59D533141A89859D004A74DD /* libopencv_video.2.4.dylib */ = {isa = PBXFileReference; lastKnownFileType = "compiled.mach-o.dylib"; name = libopencv_video.2.4.dylib; path = "../../../../../OpenCV/opencv-2.4.10/build/lib/libopencv_video.2.4.dylib"; sourceTree = "<group>"; };
		59D533151A89859D004A74DD /* libopencv_video.dylib */ = {isa = PBXFileReference; lastKnownFileType = "compiled.mach-o.dylib"; name = libopencv_video.dylib; path = "../../../../../OpenCV/opencv-2.4.10/build/lib/libopencv_video.dylib"; sourceTree = "<group>"; };
		59D533161A89859D004A74DD /* libopencv_videostab.2.4.10.dylib */ = {isa = PBXFileReference; lastKnownFileType = "compiled.mach-o.dylib"; name = libopencv_videostab.2.4.10.dylib; path = "../../../../../OpenCV/opencv-2.4.10/build/lib/libopencv_videostab.2.4.10.dylib"; sourceTree = "<group>"; };
		59D533171A89859D004A74DD /* libopencv_videostab.2.4.dylib */ = {isa = PBXFileReference; lastKnownFileType = "compiled.mach-o.dylib"; name = libopencv_videostab.2.4.dylib; path = "../../../../../OpenCV/opencv-2.4.10/build/lib/libopencv_videostab.2.4.dylib"; sourceTree = "<group>"; };
		59D533181A89859D004A74DD /* libopencv_videostab.dylib */ = {isa = PBXFileReference; lastKnownFileType = "compiled.mach-o.dylib"; name = libopencv_videostab.dylib; path = "../../../../../OpenCV/opencv-2.4.10/build/lib/libopencv_videostab.dylib"; sourceTree = "<group>"; };
		59D5336A1A8995E6004A74DD /* gesture.cpp */ = {isa = PBXFileReference; fileEncoding = 4; lastKnownFileType = sourcecode.cpp.cpp; path = gesture.cpp; sourceTree = SOURCE_ROOT; };
		59D5336B1A8995E6004A74DD /* gesture.hpp */ = {isa = PBXFileReference; fileEncoding = 4; lastKnownFileType = sourcecode.cpp.h; path = gesture.hpp; sourceTree = SOURCE_ROOT; };
		59D5336C1A8995E6004A74DD /* image.cpp */ = {isa = PBXFileReference; fileEncoding = 4; lastKnownFileType = sourcecode.cpp.cpp; path = image.cpp; sourceTree = SOURCE_ROOT; };
		59D5336D1A8995E6004A74DD /* image.hpp */ = {isa = PBXFileReference; fileEncoding = 4; lastKnownFileType = sourcecode.cpp.h; path = image.hpp; sourceTree = SOURCE_ROOT; };
		59D5336E1A8995E6004A74DD /* main.cpp */ = {isa = PBXFileReference; fileEncoding = 4; lastKnownFileType = sourcecode.cpp.cpp; path = main.cpp; sourceTree = SOURCE_ROOT; };
		59D5336F1A8995E6004A74DD /* main.hpp */ = {isa = PBXFileReference; fileEncoding = 4; lastKnownFileType = sourcecode.cpp.h; path = main.hpp; sourceTree = SOURCE_ROOT; };
		59D533701A8995E6004A74DD /* myroi.cpp */ = {isa = PBXFileReference; fileEncoding = 4; lastKnownFileType = sourcecode.cpp.cpp; path = myroi.cpp; sourceTree = SOURCE_ROOT; };
		59D533711A8995E6004A74DD /* myroi.hpp */ = {isa = PBXFileReference; fileEncoding = 4; lastKnownFileType = sourcecode.cpp.h; path = myroi.hpp; sourceTree = SOURCE_ROOT; };
/* End PBXFileReference section */

/* Begin PBXFrameworksBuildPhase section */
		59D532941A89318A004A74DD /* Frameworks */ = {
			isa = PBXFrameworksBuildPhase;
			buildActionMask = 2147483647;
			files = (
				59D533471A89859D004A74DD /* libopencv_stitching.dylib in Frameworks */,
				59D533511A89859D004A74DD /* libopencv_videostab.dylib in Frameworks */,
				59D5334F1A89859D004A74DD /* libopencv_videostab.2.4.10.dylib in Frameworks */,
				59D533201A89859D004A74DD /* libopencv_core.2.4.10.dylib in Frameworks */,
				59D533261A89859D004A74DD /* libopencv_flann.2.4.10.dylib in Frameworks */,
				59D5333E1A89859D004A74DD /* libopencv_objdetect.dylib in Frameworks */,
				59D5332F1A89859D004A74DD /* libopencv_highgui.dylib in Frameworks */,
				59D5333B1A89859D004A74DD /* libopencv_nonfree.dylib in Frameworks */,
				59D5331D1A89859D004A74DD /* libopencv_contrib.2.4.10.dylib in Frameworks */,
				59D5331C1A89859D004A74DD /* libopencv_calib3d.dylib in Frameworks */,
				59D5333A1A89859D004A74DD /* libopencv_nonfree.2.4.dylib in Frameworks */,
				59D5332C1A89859D004A74DD /* libopencv_haartraining_engine.a in Frameworks */,
				59D533391A89859D004A74DD /* libopencv_nonfree.2.4.10.dylib in Frameworks */,
				59D5334C1A89859D004A74DD /* libopencv_video.2.4.10.dylib in Frameworks */,
				59D533211A89859D004A74DD /* libopencv_core.2.4.dylib in Frameworks */,
				59D533241A89859D004A74DD /* libopencv_features2d.2.4.dylib in Frameworks */,
				59D5332A1A89859D004A74DD /* libopencv_gpu.2.4.dylib in Frameworks */,
				59D5334A1A89859D004A74DD /* libopencv_superres.dylib in Frameworks */,
				59D533371A89859D004A74DD /* libopencv_ml.2.4.dylib in Frameworks */,
				59D533251A89859D004A74DD /* libopencv_features2d.dylib in Frameworks */,
				59D533291A89859D004A74DD /* libopencv_gpu.2.4.10.dylib in Frameworks */,
				59D533451A89859D004A74DD /* libopencv_stitching.2.4.10.dylib in Frameworks */,
				59D533301A89859D004A74DD /* libopencv_imgproc.2.4.10.dylib in Frameworks */,
				59D533361A89859D004A74DD /* libopencv_ml.2.4.10.dylib in Frameworks */,
				59D533441A89859D004A74DD /* libopencv_photo.dylib in Frameworks */,
				59D5333D1A89859D004A74DD /* libopencv_objdetect.2.4.dylib in Frameworks */,
				59D533381A89859D004A74DD /* libopencv_ml.dylib in Frameworks */,
				59D533341A89859D004A74DD /* libopencv_legacy.2.4.dylib in Frameworks */,
				59D5332B1A89859D004A74DD /* libopencv_gpu.dylib in Frameworks */,
				59D533411A89859D004A74DD /* libopencv_ocl.dylib in Frameworks */,
				59D533281A89859D004A74DD /* libopencv_flann.dylib in Frameworks */,
				59D533271A89859D004A74DD /* libopencv_flann.2.4.dylib in Frameworks */,
				59D5333F1A89859D004A74DD /* libopencv_ocl.2.4.10.dylib in Frameworks */,
				59D5331B1A89859D004A74DD /* libopencv_calib3d.2.4.dylib in Frameworks */,
				59D533351A89859D004A74DD /* libopencv_legacy.dylib in Frameworks */,
				59D533421A89859D004A74DD /* libopencv_photo.2.4.10.dylib in Frameworks */,
				59D533501A89859D004A74DD /* libopencv_videostab.2.4.dylib in Frameworks */,
				59D5332D1A89859D004A74DD /* libopencv_highgui.2.4.10.dylib in Frameworks */,
				59D5334D1A89859D004A74DD /* libopencv_video.2.4.dylib in Frameworks */,
				59D5332E1A89859D004A74DD /* libopencv_highgui.2.4.dylib in Frameworks */,
				59D533331A89859D004A74DD /* libopencv_legacy.2.4.10.dylib in Frameworks */,
				59D5331E1A89859D004A74DD /* libopencv_contrib.2.4.dylib in Frameworks */,
				59D533491A89859D004A74DD /* libopencv_superres.2.4.dylib in Frameworks */,
				59D5333C1A89859D004A74DD /* libopencv_objdetect.2.4.10.dylib in Frameworks */,
				59D5334E1A89859D004A74DD /* libopencv_video.dylib in Frameworks */,
				59D533221A89859D004A74DD /* libopencv_core.dylib in Frameworks */,
				59D5331A1A89859D004A74DD /* libopencv_calib3d.2.4.10.dylib in Frameworks */,
				59D533401A89859D004A74DD /* libopencv_ocl.2.4.dylib in Frameworks */,
				59D533321A89859D004A74DD /* libopencv_imgproc.dylib in Frameworks */,
				59D533311A89859D004A74DD /* libopencv_imgproc.2.4.dylib in Frameworks */,
				59D5331F1A89859D004A74DD /* libopencv_contrib.dylib in Frameworks */,
				59D533431A89859D004A74DD /* libopencv_photo.2.4.dylib in Frameworks */,
				59D533481A89859D004A74DD /* libopencv_superres.2.4.10.dylib in Frameworks */,
				59D5334B1A89859D004A74DD /* libopencv_ts.a in Frameworks */,
				59D533461A89859D004A74DD /* libopencv_stitching.2.4.dylib in Frameworks */,
				59D533191A89859D004A74DD /* cv2.so in Frameworks */,
				59D533231A89859D004A74DD /* libopencv_features2d.2.4.10.dylib in Frameworks */,
			);
			runOnlyForDeploymentPostprocessing = 0;
		};
/* End PBXFrameworksBuildPhase section */

/* Begin PBXGroup section */
		59D5328E1A89318A004A74DD = {
			isa = PBXGroup;
			children = (
				59D532991A89318A004A74DD /* P1 */,
				59D532981A89318A004A74DD /* Products */,
				59D532E01A89859D004A74DD /* cv2.so */,
				59D532E11A89859D004A74DD /* libopencv_calib3d.2.4.10.dylib */,
				59D532E21A89859D004A74DD /* libopencv_calib3d.2.4.dylib */,
				59D532E31A89859D004A74DD /* libopencv_calib3d.dylib */,
				59D532E41A89859D004A74DD /* libopencv_contrib.2.4.10.dylib */,
				59D532E51A89859D004A74DD /* libopencv_contrib.2.4.dylib */,
				59D532E61A89859D004A74DD /* libopencv_contrib.dylib */,
				59D532E71A89859D004A74DD /* libopencv_core.2.4.10.dylib */,
				59D532E81A89859D004A74DD /* libopencv_core.2.4.dylib */,
				59D532E91A89859D004A74DD /* libopencv_core.dylib */,
				59D532EA1A89859D004A74DD /* libopencv_features2d.2.4.10.dylib */,
				59D532EB1A89859D004A74DD /* libopencv_features2d.2.4.dylib */,
				59D532EC1A89859D004A74DD /* libopencv_features2d.dylib */,
				59D532ED1A89859D004A74DD /* libopencv_flann.2.4.10.dylib */,
				59D532EE1A89859D004A74DD /* libopencv_flann.2.4.dylib */,
				59D532EF1A89859D004A74DD /* libopencv_flann.dylib */,
				59D532F01A89859D004A74DD /* libopencv_gpu.2.4.10.dylib */,
				59D532F11A89859D004A74DD /* libopencv_gpu.2.4.dylib */,
				59D532F21A89859D004A74DD /* libopencv_gpu.dylib */,
				59D532F31A89859D004A74DD /* libopencv_haartraining_engine.a */,
				59D532F41A89859D004A74DD /* libopencv_highgui.2.4.10.dylib */,
				59D532F51A89859D004A74DD /* libopencv_highgui.2.4.dylib */,
				59D532F61A89859D004A74DD /* libopencv_highgui.dylib */,
				59D532F71A89859D004A74DD /* libopencv_imgproc.2.4.10.dylib */,
				59D532F81A89859D004A74DD /* libopencv_imgproc.2.4.dylib */,
				59D532F91A89859D004A74DD /* libopencv_imgproc.dylib */,
				59D532FA1A89859D004A74DD /* libopencv_legacy.2.4.10.dylib */,
				59D532FB1A89859D004A74DD /* libopencv_legacy.2.4.dylib */,
				59D532FC1A89859D004A74DD /* libopencv_legacy.dylib */,
				59D532FD1A89859D004A74DD /* libopencv_ml.2.4.10.dylib */,
				59D532FE1A89859D004A74DD /* libopencv_ml.2.4.dylib */,
				59D532FF1A89859D004A74DD /* libopencv_ml.dylib */,
				59D533001A89859D004A74DD /* libopencv_nonfree.2.4.10.dylib */,
				59D533011A89859D004A74DD /* libopencv_nonfree.2.4.dylib */,
				59D533021A89859D004A74DD /* libopencv_nonfree.dylib */,
				59D533031A89859D004A74DD /* libopencv_objdetect.2.4.10.dylib */,
				59D533041A89859D004A74DD /* libopencv_objdetect.2.4.dylib */,
				59D533051A89859D004A74DD /* libopencv_objdetect.dylib */,
				59D533061A89859D004A74DD /* libopencv_ocl.2.4.10.dylib */,
				59D533071A89859D004A74DD /* libopencv_ocl.2.4.dylib */,
				59D533081A89859D004A74DD /* libopencv_ocl.dylib */,
				59D533091A89859D004A74DD /* libopencv_photo.2.4.10.dylib */,
				59D5330A1A89859D004A74DD /* libopencv_photo.2.4.dylib */,
				59D5330B1A89859D004A74DD /* libopencv_photo.dylib */,
				59D5330C1A89859D004A74DD /* libopencv_stitching.2.4.10.dylib */,
				59D5330D1A89859D004A74DD /* libopencv_stitching.2.4.dylib */,
				59D5330E1A89859D004A74DD /* libopencv_stitching.dylib */,
				59D5330F1A89859D004A74DD /* libopencv_superres.2.4.10.dylib */,
				59D533101A89859D004A74DD /* libopencv_superres.2.4.dylib */,
				59D533111A89859D004A74DD /* libopencv_superres.dylib */,
				59D533121A89859D004A74DD /* libopencv_ts.a */,
				59D533131A89859D004A74DD /* libopencv_video.2.4.10.dylib */,
				59D533141A89859D004A74DD /* libopencv_video.2.4.dylib */,
				59D533151A89859D004A74DD /* libopencv_video.dylib */,
				59D533161A89859D004A74DD /* libopencv_videostab.2.4.10.dylib */,
				59D533171A89859D004A74DD /* libopencv_videostab.2.4.dylib */,
				59D533181A89859D004A74DD /* libopencv_videostab.dylib */,
			);
			sourceTree = "<group>";
		};
		59D532981A89318A004A74DD /* Products */ = {
			isa = PBXGroup;
			children = (
				59D532971A89318A004A74DD /* P1 */,
			);
			name = Products;
			sourceTree = "<group>";
		};
		59D532991A89318A004A74DD /* P1 */ = {
			isa = PBXGroup;
			children = (
				59D5336A1A8995E6004A74DD /* gesture.cpp */,
				59D5336B1A8995E6004A74DD /* gesture.hpp */,
				59D5336C1A8995E6004A74DD /* image.cpp */,
				59D5336D1A8995E6004A74DD /* image.hpp */,
				59D5336E1A8995E6004A74DD /* main.cpp */,
				59D5336F1A8995E6004A74DD /* main.hpp */,
				59D533701A8995E6004A74DD /* myroi.cpp */,
				59D533711A8995E6004A74DD /* myroi.hpp */,
			);
			path = P1;
			sourceTree = "<group>";
		};
/* End PBXGroup section */

/* Begin PBXNativeTarget section */
		59D532961A89318A004A74DD /* P1 */ = {
			isa = PBXNativeTarget;
			buildConfigurationList = 59D5329E1A89318A004A74DD /* Build configuration list for PBXNativeTarget "P1" */;
			buildPhases = (
				59D532931A89318A004A74DD /* Sources */,
				59D532941A89318A004A74DD /* Frameworks */,
				59D532951A89318A004A74DD /* CopyFiles */,
			);
			buildRules = (
			);
			dependencies = (
			);
			name = P1;
			productName = P1;
			productReference = 59D532971A89318A004A74DD /* P1 */;
			productType = "com.apple.product-type.tool";
		};
/* End PBXNativeTarget section */

/* Begin PBXProject section */
		59D5328F1A89318A004A74DD /* Project object */ = {
			isa = PBXProject;
			attributes = {
				LastUpgradeCheck = 0610;
				ORGANIZATIONNAME = "Masaya Ando";
				TargetAttributes = {
					59D532961A89318A004A74DD = {
						CreatedOnToolsVersion = 6.1.1;
					};
				};
			};
			buildConfigurationList = 59D532921A89318A004A74DD /* Build configuration list for PBXProject "P1" */;
			compatibilityVersion = "Xcode 3.2";
			developmentRegion = English;
			hasScannedForEncodings = 0;
			knownRegions = (
				en,
			);
			mainGroup = 59D5328E1A89318A004A74DD;
			productRefGroup = 59D532981A89318A004A74DD /* Products */;
			projectDirPath = "";
			projectRoot = "";
			targets = (
				59D532961A89318A004A74DD /* P1 */,
			);
		};
/* End PBXProject section */

/* Begin PBXSourcesBuildPhase section */
		59D532931A89318A004A74DD /* Sources */ = {
			isa = PBXSourcesBuildPhase;
			buildActionMask = 2147483647;
			files = (
				59D533721A8995E6004A74DD /* gesture.cpp in Sources */,
				59D533731A8995E6004A74DD /* image.cpp in Sources */,
				59D533751A8995E6004A74DD /* myroi.cpp in Sources */,
				59D533741A8995E6004A74DD /* main.cpp in Sources */,
			);
			runOnlyForDeploymentPostprocessing = 0;
		};
/* End PBXSourcesBuildPhase section */

/* Begin XCBuildConfiguration section */
		59D5329C1A89318A004A74DD /* Debug */ = {
			isa = XCBuildConfiguration;
			buildSettings = {
				ALWAYS_SEARCH_USER_PATHS = NO;
				CLANG_CXX_LANGUAGE_STANDARD = "gnu++0x";
				CLANG_CXX_LIBRARY = "libc++";
				CLANG_ENABLE_MODULES = YES;
				CLANG_ENABLE_OBJC_ARC = YES;
				CLANG_WARN_BOOL_CONVERSION = YES;
				CLANG_WARN_CONSTANT_CONVERSION = YES;
				CLANG_WARN_DIRECT_OBJC_ISA_USAGE = YES_ERROR;
				CLANG_WARN_EMPTY_BODY = YES;
				CLANG_WARN_ENUM_CONVERSION = YES;
				CLANG_WARN_INT_CONVERSION = YES;
				CLANG_WARN_OBJC_ROOT_CLASS = YES_ERROR;
				CLANG_WARN_UNREACHABLE_CODE = YES;
				CLANG_WARN__DUPLICATE_METHOD_MATCH = YES;
				COPY_PHASE_STRIP = NO;
				ENABLE_STRICT_OBJC_MSGSEND = YES;
				GCC_C_LANGUAGE_STANDARD = gnu99;
				GCC_DYNAMIC_NO_PIC = NO;
				GCC_OPTIMIZATION_LEVEL = 0;
				GCC_PREPROCESSOR_DEFINITIONS = (
					"DEBUG=1",
					"$(inherited)",
				);
				GCC_SYMBOLS_PRIVATE_EXTERN = NO;
				GCC_WARN_64_TO_32_BIT_CONVERSION = YES;
				GCC_WARN_ABOUT_RETURN_TYPE = YES_ERROR;
				GCC_WARN_UNDECLARED_SELECTOR = YES;
				GCC_WARN_UNINITIALIZED_AUTOS = YES_AGGRESSIVE;
				GCC_WARN_UNUSED_FUNCTION = YES;
				GCC_WARN_UNUSED_VARIABLE = YES;
				MACOSX_DEPLOYMENT_TARGET = 10.10;
				MTL_ENABLE_DEBUG_INFO = YES;
				ONLY_ACTIVE_ARCH = YES;
				SDKROOT = macosx;
			};
			name = Debug;
		};
		59D5329D1A89318A004A74DD /* Release */ = {
			isa = XCBuildConfiguration;
			buildSettings = {
				ALWAYS_SEARCH_USER_PATHS = NO;
				CLANG_CXX_LANGUAGE_STANDARD = "gnu++0x";
				CLANG_CXX_LIBRARY = "libc++";
				CLANG_ENABLE_MODULES = YES;
				CLANG_ENABLE_OBJC_ARC = YES;
				CLANG_WARN_BOOL_CONVERSION = YES;
				CLANG_WARN_CONSTANT_CONVERSION = YES;
				CLANG_WARN_DIRECT_OBJC_ISA_USAGE = YES_ERROR;
				CLANG_WARN_EMPTY_BODY = YES;
				CLANG_WARN_ENUM_CONVERSION = YES;
				CLANG_WARN_INT_CONVERSION = YES;
				CLANG_WARN_OBJC_ROOT_CLASS = YES_ERROR;
				CLANG_WARN_UNREACHABLE_CODE = YES;
				CLANG_WARN__DUPLICATE_METHOD_MATCH = YES;
				COPY_PHASE_STRIP = YES;
				DEBUG_INFORMATION_FORMAT = "dwarf-with-dsym";
				ENABLE_NS_ASSERTIONS = NO;
				ENABLE_STRICT_OBJC_MSGSEND = YES;
				GCC_C_LANGUAGE_STANDARD = gnu99;
				GCC_WARN_64_TO_32_BIT_CONVERSION = YES;
				GCC_WARN_ABOUT_RETURN_TYPE = YES_ERROR;
				GCC_WARN_UNDECLARED_SELECTOR = YES;
				GCC_WARN_UNINITIALIZED_AUTOS = YES_AGGRESSIVE;
				GCC_WARN_UNUSED_FUNCTION = YES;
				GCC_WARN_UNUSED_VARIABLE = YES;
				MACOSX_DEPLOYMENT_TARGET = 10.10;
				MTL_ENABLE_DEBUG_INFO = NO;
				SDKROOT = macosx;
			};
			name = Release;
		};
		59D5329F1A89318A004A74DD /* Debug */ = {
			isa = XCBuildConfiguration;
			buildSettings = {
				ALWAYS_SEARCH_USER_PATHS = YES;
				FRAMEWORK_SEARCH_PATHS = /usr/local/bin;
				HEADER_SEARCH_PATHS = /usr/local/include;
				LIBRARY_SEARCH_PATHS = "/Users/mando/OpenCV/opencv-2.4.10/build/lib";
				PRODUCT_NAME = "$(TARGET_NAME)";
			};
			name = Debug;
		};
		59D532A01A89318A004A74DD /* Release */ = {
			isa = XCBuildConfiguration;
			buildSettings = {
				ALWAYS_SEARCH_USER_PATHS = YES;
				FRAMEWORK_SEARCH_PATHS = /usr/local/bin;
				HEADER_SEARCH_PATHS = /usr/local/include;
				LIBRARY_SEARCH_PATHS = "/Users/mando/OpenCV/opencv-2.4.10/build/lib";
				PRODUCT_NAME = "$(TARGET_NAME)";
			};
			name = Release;
		};
/* End XCBuildConfiguration section */

/* Begin XCConfigurationList section */
		59D532921A89318A004A74DD /* Build configuration list for PBXProject "P1" */ = {
			isa = XCConfigurationList;
			buildConfigurations = (
				59D5329C1A89318A004A74DD /* Debug */,
				59D5329D1A89318A004A74DD /* Release */,
			);
			defaultConfigurationIsVisible = 0;
			defaultConfigurationName = Release;
		};
		59D5329E1A89318A004A74DD /* Build configuration list for PBXNativeTarget "P1" */ = {
			isa = XCConfigurationList;
			buildConfigurations = (
				59D5329F1A89318A004A74DD /* Debug */,
				59D532A01A89318A004A74DD /* Release */,
			);
			defaultConfigurationIsVisible = 0;
			defaultConfigurationName = Release;
		};
/* End XCConfigurationList section */
	};
	rootObject = 59D5328F1A89318A004A74DD /* Project object */;
}
